
Microsoft Visual Studio Solution File, Format Version 12.00
# Visual Studio Version 17
VisualStudioVersion = 17.11.35327.3
MinimumVisualStudioVersion = 10.0.40219.1
Project("{FAE04EC0-301F-11D3-BF4B-00C04F79EFBC}") = "TP1_csharp", "TP1_csharp\TP1_csharp.csproj", "{2EA44C5E-7871-4F81-9386-5FAFDFFCA9B2}"
EndProject
Global
	GlobalSection(SolutionConfigurationPlatforms) = preSolution
		Debug|Any CPU = Debug|Any CPU
		Release|Any CPU = Release|Any CPU
	EndGlobalSection
	GlobalSection(ProjectConfigurationPlatforms) = postSolution
		{2EA44C5E-7871-4F81-9386-5FAFDFFCA9B2}.Debug|Any CPU.ActiveCfg = Debug|Any CPU
		{2EA44C5E-7871-4F81-9386-5FAFDFFCA9B2}.Debug|Any CPU.Build.0 = Debug|Any CPU
		{2EA44C5E-7871-4F81-9386-5FAFDFFCA9B2}.Release|Any CPU.ActiveCfg = Release|Any CPU
		{2EA44C5E-7871-4F81-9386-5FAFDFFCA9B2}.Release|Any CPU.Build.0 = Release|Any CPU
	EndGlobalSection
	GlobalSection(SolutionProperties) = preSolution
		HideSolutionNode = FALSE
	EndGlobalSection
	GlobalSection(ExtensibilityGlobals) = postSolution
		SolutionGuid = {8A95F9BB-9AA2-404C-AEB5-83E44D59E59A}
	EndGlobalSection
EndGlobal
